lockfileVersion: '9.0'

settings:
  autoInstallPeers: true
  excludeLinksFromLockfile: false

importers:

  .:
    dependencies:
      '@alwaysmeticulous/custom-checks':
        specifier: ^2.342.0
        version: 2.342.0
      yargs:
        specifier: ^17.5.1
        version: 17.7.3
    devDependencies:
      '@types/yargs':
        specifier: ^17.0.10
        version: 17.0.35
      ts-node:
        specifier: ^10.8.1
        version: 10.9.2(@types/node@26.0.1)(typescript@5.9.3)
      typescript:
        specifier: ^5.9.3
        version: 5.9.3

packages:

  '@alwaysmeticulous/api@2.341.0':
    resolution: {integrity: sha512-7nCwtr1IBbNXIy0w8MYiFZPINTKLUlwYBscss+MkTKTuNPBRnK+GCz/6LGCm5sRk31AU+27lguLgEa6yGkk13w==}
    engines: {node: '>= 18'}

  '@alwaysmeticulous/client@2.342.0':
    resolution: {integrity: sha512-IhudCrfQTGiBv/DCz/kP/MpF26kZ2UWGrT+MIKnfCgtRDRK+wdCwEn33qGKjmrLxMqKVEkhAeUBLZexjtoQsZQ==}
    engines: {node: '>= 18'}

  '@alwaysmeticulous/common@2.341.0':
    resolution: {integrity: sha512-sbk/AvjgEjR9j0Rzf0Xy97CNw4RE8HLrHV9FUQnodbPOsDsTSwid811smfbhWVhPb/Kb8Bj8NPnuCpDAOiSuZQ==}
    engines: {node: '>= 18'}

  '@alwaysmeticulous/custom-checks@2.342.0':
    resolution: {integrity: sha512-2btlBdT09AU7hD9iqlIM9eK8wvGz1nDdC47aI7XrySrEE30d7rgAsSgEKpO+crghnXd81Ew3dXm9UX/OWtlPDA==}
    engines: {node: '>= 18'}

  '@alwaysmeticulous/downloading-helpers@2.342.0':
    resolution: {integrity: sha512-Z5iY3bIcaWKHZy5DqXjdEMF+eCb3fr37LF40ViCndD6SPojqd/tHvSbaq97ppbQyuxrNR6PXNFLFdownxLcqvw==}
    engines: {node: '>= 18'}

  '@cspotcode/source-map-support@0.8.1':
    resolution: {integrity: sha512-IchNf6dN4tHoMFIn/7OE8LWZ19Y6q/67Bmf6vnGREv8RSbBVb9LPJxEcnwrcwX6ixSvaiGoomAUvu4YSxXrVgw==}
    engines: {node: '>=12'}

  '@isaacs/fs-minipass@4.0.1':
    resolution: {integrity: sha512-wgm9Ehl2jpeqP3zw/7mo3kRHFp5MEDhqAdwy1fTGkHAwnkGOVsgpvQhL8B5n1qlb01jV3n/bI0ZfZp5lWA1k4w==}
    engines: {node: '>=18.0.0'}

  '@jridgewell/resolve-uri@3.1.2':
    resolution: {integrity: sha512-bRISgCIjP20/tbWSPWMEi54QVPRZExkuD9lJL+UIxUKtwVJA8wW1Trb1jMs1RFXo1CBTNZ/5hpC9QvmKWdopKw==}
    engines: {node: '>=6.0.0'}

  '@jridgewell/sourcemap-codec@1.5.5':
    resolution: {integrity: sha512-cYQ9310grqxueWbl+WuIUIaiUaDcj7WOq5fVhEljNVgRfOUhY9fy2zTvfoqWsnebh8Sl70VScFbICvJnLKB0Og==}

  '@jridgewell/trace-mapping@0.3.9':
    resolution: {integrity: sha512-3Belt6tdc8bPgAtbcmdtNJlirVoTmEb5e2gC94PnkwEW9jI6CAHUeoG85tjWP5WquqfavoMtMwiG4P926ZKKuQ==}

  '@puppeteer/browsers@2.10.6':
    resolution: {integrity: sha512-pHUn6ZRt39bP3698HFQlu2ZHCkS/lPcpv7fVQcGBSzNNygw171UXAKrCUhy+TEMw4lEttOKDgNpb04hwUAJeiQ==}
    engines: {node: '>=18'}
    hasBin: true

  '@puppeteer/browsers@2.13.0':
    resolution: {integrity: sha512-46BZJYJjc/WwmKjsvDFykHtXrtomsCIrwYQPOP7VfMJoZY2bsDF9oROBABR3paDjDcmkUye1Pb1BqdcdiipaWA==}
    engines: {node: '>=18'}
    hasBin: true

  '@tootallnate/quickjs-emscripten@0.23.0':
    resolution: {integrity: sha512-C5Mc6rdnsaJDjO3UpGW/CQTHtCKaYlScZTly4JIu97Jxo/odCiH0ITnDXSJPTOrEKk/ycSZ0AOgTmkDtkOsvIA==}

  '@tsconfig/node10@1.0.12':
    resolution: {integrity: sha512-UCYBaeFvM11aU2y3YPZ//O5Rhj+xKyzy7mvcIoAjASbigy8mHMryP5cK7dgjlz2hWxh1g5pLw084E0a/wlUSFQ==}

  '@tsconfig/node12@1.0.11':
    resolution: {integrity: sha512-cqefuRsh12pWyGsIoBKJA9luFu3mRxCA+ORZvA4ktLSzIuCUtWVxGIuXigEwO5/ywWFMZ2QEGKWvkZG1zDMTag==}

  '@tsconfig/node14@1.0.3':
    resolution: {integrity: sha512-ysT8mhdixWK6Hw3i1V2AeRqZ5WfXg1G43mqoYlM2nc6388Fq5jcXyr5mRsqViLx/GJYdoL0bfXD8nmF+Zn/Iow==}

  '@tsconfig/node16@1.0.4':
    resolution: {integrity: sha512-vxhUy4J8lyeyinH7Azl1pdd43GJhZH/tP2weN8TntQblOY+A0XbT8DJk1/oCPuOOyg/Ja757rG0CgHcWC8OfMA==}

  '@types/node@26.0.1':
    resolution: {integrity: sha512-fc3KiUoBt6kie0N9bIW3E47vZsuaMf0PM2AaUpLCLT0s/LvX1nxAim6Fc049cNxODPpGm6qRAuUOB86SkRuPQw==}

  '@types/yargs-parser@21.0.3':
    resolution: {integrity: sha512-I4q9QU9MQv4oEOz4tAHJtNz1cwuLxn2F3xcc2iV5WdqLPpUnj30aUuxt1mAxYTG+oe8CZMV/+6rU4S4gRDzqtQ==}

  '@types/yargs@17.0.35':
    resolution: {integrity: sha512-qUHkeCyQFxMXg79wQfTtfndEC+N9ZZg76HJftDJp+qH2tV7Gj4OJi7l+PiWwJ+pWtW8GwSmqsDj/oymhrTWXjg==}

  '@types/yauzl@2.10.3':
    resolution: {integrity: sha512-oJoftv0LSuaDZE3Le4DbKX+KS9G36NzOeSap90UIK0yMA/NhKJhqlSGtNDORNRaIbQfzjXDrQa0ytJ6mNRGz/Q==}

  acorn-walk@8.3.5:
    resolution: {integrity: sha512-HEHNfbars9v4pgpW6SO1KSPkfoS0xVOM/9UzkJltjlsHZmJasxg8aXkuZa7SMf8vKGIBhpUsPluQSqhJFCqebw==}
    engines: {node: '>=0.4.0'}

  acorn@8.17.0:
    resolution: {integrity: sha512-xRQbDb9BnwDafYNn6Vwl839DYVjqXYb1XVGtWAZ1kcDc6iwAL4hg3B1dZlRiuENFeO2H53gFG3in621AdERVAg==}
    engines: {node: '>=0.4.0'}
    hasBin: true

  agent-base@6.0.2:
    resolution: {integrity: sha512-RZNwNclF7+MS/8bDg70amg32dyeZGZxiDuQmZxKLAlQjr3jGyLx+4Kkk58UO7D2QdgFIQCovuSuZESne6RG6XQ==}
    engines: {node: '>= 6.0.0'}

  agent-base@7.1.4:
    resolution: {integrity: sha512-MnA+YT8fwfJPgBx3m60MNqakm30XOkyIoH1y6huTQvC0PwZG7ki8NacLBcrPbNoo8vEZy7Jpuk7+jMO+CUovTQ==}
    engines: {node: '>= 14'}

  ansi-regex@5.0.1:
    resolution: {integrity: sha512-quJQXlTSUGL2LH9SUXo8VwsY4soanhgo6LNSm84E1LBcE8s3O0wpdiRzyR9z/ZZJMlMWv37qOOb9pdJlMUEKFQ==}
    engines: {node: '>=8'}

  ansi-styles@4.3.0:
    resolution: {integrity: sha512-zbB9rCJAT1rbjiVDb2hqKFHNYLxgtk8NURxZ3IZwD3F6NtxbXZQCnnSi1Lkx+IDohdPlFp222wVALIheZJQSEg==}
    engines: {node: '>=8'}

  arg@4.1.3:
    resolution: {integrity: sha512-58S9QDqG0Xx27YwPSt9fJxivjYl432YCwfDMfZ+71RAqUrZef7LrKQZ3LHLOwCS4FLNBplP533Zx895SeOCHvA==}

  ast-types@0.13.4:
    resolution: {integrity: sha512-x1FCFnFifvYDDzTaLII71vG5uvDwgtmDTEVWAxrgeiR8VjMONcCXJx7E+USjDtHlwFmt9MysbqgF9b9Vjr6w+w==}
    engines: {node: '>=4'}

  asynckit@0.4.0:
    resolution: {integrity: sha512-Oei9OH4tRh0YqU3GxhX79dM/mwVgvbZJaSNaRk+bshkj0S5cfHcgYakreBjrHwatXKbz+IoIdYLxrKim2MjW0Q==}

  axios-retry@4.5.0:
    resolution: {integrity: sha512-aR99oXhpEDGo0UuAlYcn2iGRds30k366Zfa05XWScR9QaQD4JYiP3/1Qt1u7YlefUOK+cn0CcwoL1oefavQUlQ==}
    peerDependencies:
      axios: 0.x || 1.x

  axios@1.20.0:
    resolution: {integrity: sha512-r8aOh8j9cGKpgQAqpzrUHnSIc6a59Y3Xf/cv8sy1DrHCkZHzQGEuoq1tARk6qSyDdtQGSDgpb9kFlruzPvrgwg==}

  b4a@1.8.1:
    resolution: {integrity: sha512-aiqre1Nr0B/6DgE2N5vwTc+2/oQZ4Wh1t4NznYY4E00y8LCt6NqdRv81so00oo27D8MVKTpUa/MwUUtBLXCoDw==}
    peerDependencies:
      react-native-b4a: '*'
    peerDependenciesMeta:
      react-native-b4a:
        optional: true

  bare-events@2.9.1:
    resolution: {integrity: sha512-Z0oHEHAFDZkffN8Qc39zNZjQlMDkPJRyyyZieU1VH7u8c5S+qHZ2S8ixdKIAxEjfHO7FJxXmJWgteOghVanIsg==}
    peerDependencies:
      bare-abort-controller: '*'
    peerDependenciesMeta:
      bare-abort-controller:
        optional: true

  bare-fs@4.7.2:
    resolution: {integrity: sha512-aTvMFUWkBmjzKtEQMDGGDNF8bkfpD5N1b/FCwt7A3wrU4t1o/e/85Wzkluh6JlODCjqVESYCkQCdTXqZ9G7VFg==}
    engines: {bare: '>=1.16.0'}
    peerDependencies:
      bare-buffer: '*'
    peerDependenciesMeta:
      bare-buffer:
        optional: true

  bare-os@3.9.1:
    resolution: {integrity: sha512-6M5XjcnsygQNPMCMPXSK379xrJFiZ/AEMNBmFEmQW8d/789VQATvriyi5r0HYTL9TkQ26rn3kgdTG3aisbrXkQ==}
    engines: {bare: '>=1.14.0'}

  bare-path@3.0.1:
    resolution: {integrity: sha512-ghj2DSK/2e99a1anTVPCV4m4YIYtrbXhfM7V3D7XZLOTsybnYyaJloymGqssQc8l/or0UoDyRtNQkmkEF/ysgQ==}

  bare-stream@2.13.3:
    resolution: {integrity: sha512-Kc+brLqvEqGkjyfiwJmImAOqLZL7OsoLKuavx+hJjgVV3nLTOjloJyPMFxjUPerGGHrNH0fLU06jjykMLWrERQ==}
    peerDependencies:
      bare-abort-controller: '*'
      bare-buffer: '*'
      bare-events: '*'
    peerDependenciesMeta:
      bare-abort-controller:
        optional: true
      bare-buffer:
        optional: true
      bare-events:
        optional: true

  bare-url@2.4.5:
    resolution: {integrity: sha512-K+y9xF1tN+CdPu4qWwr0QiK1Al07eFPGYK5M2pDXcmHdMdgC/tT/bpmMe1hrmRHaidKLkXrC+cRNYf3XVDUhSQ==}

  basic-ftp@5.3.1:
    resolution: {integrity: sha512-bopVNp6ugyA150DDuZfPFdt1KZ5a94ZDiwX4hMgZDzF+GttD80lEy8kj98kbyhLXnPvhtIo93mdnLIjpCAeeOw==}
    engines: {node: '>=10.0.0'}

  buffer-crc32@0.2.13:
    resolution: {integrity: sha512-VO9Ht/+p3SN7SKWqcrgEzjGbRSJYTx+Q1pTQC0wrWqHx0vpJraQ6GtHx8tvcg1rlK1byhU5gccxgOgj7B0TDkQ==}

  call-bind-apply-helpers@1.0.2:
    resolution: {integrity: sha512-Sp1ablJ0ivDkSzjcaJdxEunN5/XvksFJ2sMBFfq6x0ryhQV/2b/KwFe21cMpmHtPOSij8K99/wSfoEuTObmuMQ==}
    engines: {node: '>= 0.4'}

  chalk@4.1.2:
    resolution: {integrity: sha512-oKnbhFyRIXpUuez8iBMmyEa4nbj4IOQyuhc/wy9kY7/WVPcwIO9VA668Pu8RkO7+0G76SLROeyw9CpQ061i4mA==}
    engines: {node: '>=10'}

  chownr@3.0.0:
    resolution: {integrity: sha512-+IxzY9BZOQd/XuYPRmrvEVjF/nqj5kgT4kEq7VofrDoM1MxoRjEWkrCC3EtLi59TVawxTAn+orJwFQcrqEN1+g==}
    engines: {node: '>=18'}

  chromium-bidi@14.0.0:
    resolution: {integrity: sha512-9gYlLtS6tStdRWzrtXaTMnqcM4dudNegMXJxkR0I/CXObHalYeYcAMPrL19eroNZHtJ8DQmu1E+ZNOYu/IXMXw==}
    peerDependencies:
      devtools-protocol: '*'

  cli-progress@3.12.0:
    resolution: {integrity: sha512-tRkV3HJ1ASwm19THiiLIXLO7Im7wlTuKnvkYaTkyoAPefqjNg7W7DHKUlGRxy9vxDvbyCYQkQozvptuMkGCg8A==}
    engines: {node: '>=4'}

  cliui@8.0.1:
    resolution: {integrity: sha512-BSeNnyus75C4//NQ9gQt1/csTXyo/8Sb+afLAkzAptFuMsod9HFokGNudZpi/oQV73hnVK+sR+5PVRMd+Dr7YQ==}
    engines: {node: '>=12'}

  color-convert@2.0.1:
    resolution: {integrity: sha512-RRECPsj7iu/xb5oKYcsFHSppFNnsj/52OVTRKb4zP5onXwVF3zVmmToNcOfGC+CRDpfK/U584fMg38ZHCaElKQ==}
    engines: {node: '>=7.0.0'}

  color-name@1.1.4:
    resolution: {integrity: sha512-dOy+3AuW3a2wNbZHIuMZpTcgjGuLU/uBL/ubcZF9OXbDo8ff4O8yVp5Bf0efS8uEoYo5q4Fx7dY9OgQGXgAsQA==}

  combined-stream@1.0.8:
    resolution: {integrity: sha512-FQN4MRfuJeHf7cBbBMJFXhKSDq+2kAArBlmRBvcvFE5BB1HZKXtSFASDhdlz9zOYwxh8lDdnvmMOe/+5cdoEdg==}
    engines: {node: '>= 0.8'}

  create-require@1.1.1:
    resolution: {integrity: sha512-dcKFX3jn0MpIaXjisoRvexIJVEKzaq7z2rZKxf+MSr9TkdmHmsU4m2lcLojrj/FHl8mk5VxMmYA+ftRkP/3oKQ==}

  data-uri-to-buffer@6.0.2:
    resolution: {integrity: sha512-7hvf7/GW8e86rW0ptuwS3OcBGDjIi6SZva7hCyWC0yYry2cOPmLIjXAUHI6DK2HsnwJd9ifmt57i8eV2n4YNpw==}
    engines: {node: '>= 14'}

  debug@4.4.3:
    resolution: {integrity: sha512-RGwwWnwQvkVfavKVt22FGLw+xYSdzARwm0ru6DhTVA3umU5hZc28V3kO4stgYryrTlLpuvgI9GiijltAjNbcqA==}
    engines: {node: '>=6.0'}
    peerDependencies:
      supports-color: '*'
    peerDependenciesMeta:
      supports-color:
        optional: true

  degenerator@5.0.1:
    resolution: {integrity: sha512-TllpMR/t0M5sqCXfj85i4XaAzxmS5tVA16dqvdkMwGmzI+dXLXnw3J+3Vdv7VKw+ThlTMboK6i9rnZ6Nntj5CQ==}
    engines: {node: '>= 14'}

  delayed-stream@1.0.0:
    resolution: {integrity: sha512-ZySD7Nf91aLB0RxL4KGrKHBXl7Eds1DAmEdcoVawXnLD7SDhpNgtuII2aAkg7a7QS41jxPSZ17p4VdGnMHk3MQ==}
    engines: {node: '>=0.4.0'}

  devtools-protocol@0.0.1595872:
    resolution: {integrity: sha512-kRfgp8vWVjBu/fbYCiVFiOqsCk3CrMKEo3WbgGT2NXK2dG7vawWPBljixajVgGK9II8rDO9G0oD0zLt3I1daRg==}

  diff@4.0.4:
    resolution: {integrity: sha512-X07nttJQkwkfKfvTPG/KSnE2OMdcUCao6+eXF3wmnIQRn2aPAHH3VxDbDOdegkd6JbPsXqShpvEOHfAT+nCNwQ==}
    engines: {node: '>=0.3.1'}

  dunder-proto@1.0.1:
    resolution: {integrity: sha512-KIN/nDJBQRcXw0MLVhZE9iQHmG68qAVIBg9CqmUYjmQIhgij9U5MFvrqkUL5FbtyyzZuOeOt0zdeRe4UY7ct+A==}
    engines: {node: '>= 0.4'}

  emoji-regex@8.0.0:
    resolution: {integrity: sha512-MSjYzcWNOA0ewAHpz0MxpYFvwg6yjy1NG3xteoqz644VCo/RPgnr1/GGt+ic3iJTzQ8Eu3TdM14SawnVUmGE6A==}

  end-of-stream@1.4.5:
    resolution: {integrity: sha512-ooEGc6HP26xXq/N+GCGOT0JKCLDGrq2bQUZrQ7gyrJiZANJ/8YDTxTpQBXGMn+WbIQXNVpyWymm7KYVICQnyOg==}

  es-define-property@1.0.1:
    resolution: {integrity: sha512-e3nRfgfUZ4rNGL232gUgX06QNyyez04KdjFrF+LTRoOXmrOgFKDg4BCdsjW8EnT69eqdYGmRpJwiPVYNrCaW3g==}
    engines: {node: '>= 0.4'}

  es-errors@1.3.0:
    resolution: {integrity: sha512-Zf5H2Kxt2xjTvbJvP2ZWLEICxA6j+hAmMzIlypy4xcBg1vKVnx89Wy0GbS+kf5cwCVFFzdCFh2XSCFNULS6csw==}
    engines: {node: '>= 0.4'}

  es-object-atoms@1.1.2:
    resolution: {integrity: sha512-HWcBoN6NileqtSydK2FqHbS/LoDd2pqrnQHLyJzBj4kOp/ky2MWMN694xOfkK8/SnUsW2DH7EfyVlydKCsm1Zw==}
    engines: {node: '>= 0.4'}

  es-set-tostringtag@2.1.0:
    resolution: {integrity: sha512-j6vWzfrGVfyXxge+O0x5sh6cvxAog0a/4Rdd2K36zCMV5eJ+/+tOAngRO8cODMNWbVRdVlmGZQL2YS3yR8bIUA==}
    engines: {node: '>= 0.4'}

  escalade@3.2.0:
    resolution: {integrity: sha512-WUj2qlxaQtO4g6Pq5c29GTcWGDyd8itL8zTlipgECz3JesAiiOKotd8JU6otB3PACgG6xkJUyVhboMS+bje/jA==}
    engines: {node: '>=6'}

  escodegen@2.1.0:
    resolution: {integrity: sha512-2NlIDTwUWJN0mRPQOdtQBzbUHvdGY2P1VXSyU83Q3xKxM7WHX2Ql8dKq782Q9TgQUNOLEzEYu9bzLNj1q88I5w==}
    engines: {node: '>=6.0'}
    hasBin: true

  esprima@4.0.1:
    resolution: {integrity: sha512-eGuFFw7Upda+g4p+QHvnW0RyTX/SVeJBDM/gCtMARO0cLuT2HcEKnTPvhjV6aGeqrCB/sbNop0Kszm0jsaWU4A==}
    engines: {node: '>=4'}
    hasBin: true

  estraverse@5.3.0:
    resolution: {integrity: sha512-MMdARuVEQziNTeJD8DgMqmhwR11BRQ/cBP+pLtYdSTnf3MIO8fFeiINEbX36ZdNlfU/7A9f3gUw49B3oQsvwBA==}
    engines: {node: '>=4.0'}

  esutils@2.0.3:
    resolution: {integrity: sha512-kVscqXk4OCp68SZ0dkgEKVi6/8ij300KBWTJq32P/dYeWTSwK41WyTxalN1eRmA5Z9UU/LX9D7FWSmV9SAYx6g==}
    engines: {node: '>=0.10.0'}

  events-universal@1.0.1:
    resolution: {integrity: sha512-LUd5euvbMLpwOF8m6ivPCbhQeSiYVNb8Vs0fQ8QjXo0JTkEHpz8pxdQf0gStltaPpw0Cca8b39KxvK9cfKRiAw==}

  extract-zip@2.0.1:
    resolution: {integrity: sha512-GDhU9ntwuKyGXdZBUgTIe+vXnWj0fppUEtMDL0+idd5Sta8TGpHssn/eusA9mrPr9qNDym6SxAYZjNvCn/9RBg==}
    engines: {node: '>= 10.17.0'}
    hasBin: true

  fast-fifo@1.3.2:
    resolution: {integrity: sha512-/d9sfos4yxzpwkDkuN7k2SqFKtYNmCTzgfEpz82x34IM9/zc8KGxQoXg1liNC/izpRM/MBdt44Nmx41ZWqk+FQ==}

  fast-zlib@2.0.1:
    resolution: {integrity: sha512-DCoYgNagM2Bt1VIpXpdGnRx4LzqJeYG0oh6Nf/7cWo6elTXkFGMw9CrRCYYUIapYNrozYMoyDRflx9mgT3Awyw==}

  fd-slicer@1.1.0:
    resolution: {integrity: sha512-cE1qsB/VwyQozZ+q1dGxR8LBYNZeofhEdUNGSMbQD3Gw2lAzX9Zb3uIU6Ebc/Fmyjo9AWWfnn0AUCHqtevs/8g==}

  follow-redirects@1.16.0:
    resolution: {integrity: sha512-y5rN/uOsadFT/JfYwhxRS5R7Qce+g3zG97+JrtFZlC9klX/W5hD7iiLzScI4nZqUS7DNUdhPgw4xI8W2LuXlUw==}
    engines: {node: '>=4.0'}
    peerDependencies:
      debug: '*'
    peerDependenciesMeta:
      debug:
        optional: true

  form-data@4.0.6:
    resolution: {integrity: sha512-vKatAh4SlVfgbv+YtmhiRjhEMJsYpsG1Y2rMQtR+SVSbytsSD1YGzDIcrAJmdFec88u/+VoGmxnl+80gL1tRCQ==}
    engines: {node: '>= 6'}

  function-bind@1.1.2:
    resolution: {integrity: sha512-7XHNxH7qX9xG5mIwxkhumTox/MIRNcOgDrxWsMt2pAr23WHp6MrRlN7FBSFpCpr+oVO0F744iUgR82nJMfG2SA==}

  get-caller-file@2.0.5:
    resolution: {integrity: sha512-DyFP3BM/3YHTQOCUL/w0OZHR0lpKeGrxotcHWcqNEdnltqFwXVfhEBQ94eIo34AfQpo0rGki4cyIiftY06h2Fg==}
    engines: {node: 6.* || 8.* || >= 10.*}

  get-intrinsic@1.3.0:
    resolution: {integrity: sha512-9fSjSaos/fRIVIp+xSJlE6lfwhES7LNtKaCBIamHsjr2na1BiABJPo0mOjjz8GJDURarmCPGqaiVg5mfjb98CQ==}
    engines: {node: '>= 0.4'}

  get-proto@1.0.1:
    resolution: {integrity: sha512-sTSfBjoXBp89JvIKIefqw7U2CCebsc74kiY6awiGogKtoSGbgjYE/G/+l9sF3MWFPNc9IcoOC4ODfKHfxFmp0g==}
    engines: {node: '>= 0.4'}

  get-stream@5.2.0:
    resolution: {integrity: sha512-nBF+F1rAZVCu/p7rjzgA+Yb4lfYXrpl7a6VmJrU8wF9I1CKvP/QwPNZHnOlwbTkY6dvtFIzFMSyQXbLoTQPRpA==}
    engines: {node: '>=8'}

  get-uri@6.0.5:
    resolution: {integrity: sha512-b1O07XYq8eRuVzBNgJLstU6FYc1tS6wnMtF1I1D9lE8LxZSOGZ7LhxN54yPP6mGw5f2CkXY2BQUL9Fx41qvcIg==}
    engines: {node: '>= 14'}

  gopd@1.2.0:
    resolution: {integrity: sha512-ZUKRh6/kUFoAiTAtTYPZJ3hw9wNxx+BIBOijnlG9PnrJsCcSjs1wyyD6vJpaYtgnzDrKYRSqf3OO6Rfa93xsRg==}
    engines: {node: '>= 0.4'}

  graceful-fs@4.2.11:
    resolution: {integrity: sha512-RbJ5/jmFcNNCcDV5o9eTnBLJ/HszWV0P73bc+Ff4nS/rJj+YaS6IGyiOL0VoBYX+l1Wrl3k63h/KrH+nhJ0XvQ==}

  has-flag@4.0.0:
    resolution: {integrity: sha512-EykJT/Q1KjTWctppgIAgfSO0tKVuZUjhgMr17kqTumMl6Afv3EISleU7qZUzoXDFTAHTDC4NOoG/ZxU3EvlMPQ==}
    engines: {node: '>=8'}

  has-symbols@1.1.0:
    resolution: {integrity: sha512-1cDNdwJ2Jaohmb3sg4OmKaMBwuC48sYni5HUw2DvsC8LjGTLK9h+eb1X6RyuOHe4hT0ULCW68iomhjUoKUqlPQ==}
    engines: {node: '>= 0.4'}

  has-tostringtag@1.0.2:
    resolution: {integrity: sha512-NqADB8VjPFLM2V0VvHUewwwsw0ZWBaIdgo+ieHtK3hasLz4qeCRjYcqfB6AQrBggRKppKF8L52/VqdVsO47Dlw==}
    engines: {node: '>= 0.4'}

  hasown@2.0.4:
    resolution: {integrity: sha512-T2UbfbBEF32wiepXIsMlTW9+dDYC6wMh/t/vYA4tuOMKqWz/n3vr1NFSxQiyP+zk2mXsoMA/i/7qV6LKut1t1A==}
    engines: {node: '>= 0.4'}

  http-proxy-agent@7.0.2:
    resolution: {integrity: sha512-T1gkAiYYDWYx3V5Bmyu7HcfcvL7mUrTWiM6yOfa3PIphViJ/gFPbvidQ+veqSOHci/PxBcDabeUNCzpOODJZig==}
    engines: {node: '>= 14'}

  https-proxy-agent@5.0.1:
    resolution: {integrity: sha512-dFcAjpTQFgoLMzC2VwU+C/CbS7uRL0lWmxDITmqm7C+7F0Odmj6s9l6alZc6AELXhrnggM2CeWSXHGOdX2YtwA==}
    engines: {node: '>= 6'}

  https-proxy-agent@7.0.6:
    resolution: {integrity: sha512-vK9P5/iUfdl95AI+JVyUuIcVtd4ofvtrOr3HNtM2yxC9bnMbEdp3x01OhQNnjb8IJYi38VlTE3mBXwcfvywuSw==}
    engines: {node: '>= 14'}

  ip-address@10.2.0:
    resolution: {integrity: sha512-/+S6j4E9AHvW9SWMSEY9Xfy66O5PWvVEJ08O0y5JGyEKQpojb0K0GKpz/v5HJ/G0vi3D2sjGK78119oXZeE0qA==}
    engines: {node: '>= 12'}

  is-fullwidth-code-point@3.0.0:
    resolution: {integrity: sha512-zymm5+u+sCsSWyD9qNaejV3DFvhCKclKdizYaJUuHA83RLjb7nSuGnddCHGv0hk+KY7BMAlsWeK4Ueg6EV6XQg==}
    engines: {node: '>=8'}

  is-retry-allowed@2.2.0:
    resolution: {integrity: sha512-XVm7LOeLpTW4jV19QSH38vkswxoLud8sQ57YwJVTPWdiaI9I8keEhGFpBlslyVsgdQy4Opg8QOLb8YRgsyZiQg==}
    engines: {node: '>=10'}

  loglevel@1.9.2:
    resolution: {integrity: sha512-HgMmCqIJSAKqo68l0rS2AanEWfkxaZ5wNiEFb5ggm08lDs9Xl2KxBlX3PTcaD2chBM1gXAYf491/M2Rv8Jwayg==}
    engines: {node: '>= 0.6.0'}

  lru-cache@7.18.3:
    resolution: {integrity: sha512-jumlc0BIUrS3qJGgIkWZsyfAM7NCWiBcCDhnd+3NNM5KbBmLTgHVfWBcg6W+rLUsIpzpERPsvwUP7CckAQSOoA==}
    engines: {node: '>=12'}

  luxon@3.7.2:
    resolution: {integrity: sha512-vtEhXh/gNjI9Yg1u4jX/0YVPMvxzHuGgCm6tC5kZyb08yjGWGnqAjGJvcXbqQR2P3MyMEFnRbpcdFS6PBcLqew==}
    engines: {node: '>=12'}

  make-error@1.3.6:
    resolution: {integrity: sha512-s8UhlNe7vPKomQhC1qFelMokr/Sc3AgNbso3n74mVPA5LTZwkB9NlXf4XPamLxJE8h0gh73rM94xvwRT2CVInw==}

  math-intrinsics@1.1.0:
    resolution: {integrity: sha512-/IXtbwEk5HTPyEwyKX6hGkYXxM9nbj64B+ilVJnC/R6B0pH5G4V3b0pVbL7DBj4tkhBAppbQUlf6F6Xl9LHu1g==}
    engines: {node: '>= 0.4'}

  mime-db@1.52.0:
    resolution: {integrity: sha512-sPU4uV7dYlvtWJxwwxHD0PuihVNiE7TyAbQ5SWxDCB9mUYvOgroQOwYQQOKPJ8CIbE+1ETVlOoK1UC2nU3gYvg==}
    engines: {node: '>= 0.6'}

  mime-types@2.1.35:
    resolution: {integrity: sha512-ZDY+bPm5zTTF+YpCrAU9nK0UgICYPT0QtT1NZWFv4s++TNkcgVaT0g6+4R2uI4MjQjzysHB1zxuWL50hzaeXiw==}
    engines: {node: '>= 0.6'}

  minipass@7.1.3:
    resolution: {integrity: sha512-tEBHqDnIoM/1rXME1zgka9g6Q2lcoCkxHLuc7ODJ5BxbP5d4c2Z5cGgtXAku59200Cx7diuHTOYfSBD8n6mm8A==}
    engines: {node: '>=16 || 14 >=14.17'}

  minizlib@3.1.0:
    resolution: {integrity: sha512-KZxYo1BUkWD2TVFLr0MQoM8vUUigWD3LlD83a/75BqC+4qE0Hb1Vo5v1FgcfaNXvfXzr+5EhQ6ing/CaBijTlw==}
    engines: {node: '>= 18'}

  mitt@3.0.1:
    resolution: {integrity: sha512-vKivATfr97l2/QBCYAkXYDbrIWPM2IIKEl7YPhjCvKlG3kE2gm+uBo6nEXK3M5/Ffh/FLpKExzOQ3JJoJGFKBw==}

  ms@2.1.3:
    resolution: {integrity: sha512-6FlzubTLZG3J2a/NVCAleEhjzq5oxgHyaCU9yYXvcLsvoVaHJq/s5xXI6/XXP6tz7R9xAOtHnSO/tXtF3WRTlA==}

  netmask@2.1.1:
    resolution: {integrity: sha512-eonl3sLUha+S1GzTPxychyhnUzKyeQkZ7jLjKrBagJgPla13F+uQ71HgpFefyHgqrjEbCPkDArxYsjY8/+gLKA==}
    engines: {node: '>= 0.4.0'}

  once@1.4.0:
    resolution: {integrity: sha512-lNaJgI+2Q5URQBkccEKHTQOPaXdUxnZZElQTZY0MFUAuaEqe1E+Nyvgdz/aIyNi6Z9MzO5dv1H8n58/GELp3+w==}

  p-limit@3.1.0:
    resolution: {integrity: sha512-TYOanM3wGwNGsZN2cVTYPArw454xnXj5qmWF1bEoAc4+cU/ol7GVh7odevjp1FNHduHc3KZMcFduxU5Xc6uJRQ==}
    engines: {node: '>=10'}

  pac-proxy-agent@7.2.0:
    resolution: {integrity: sha512-TEB8ESquiLMc0lV8vcd5Ql/JAKAoyzHFXaStwjkzpOpC5Yv+pIzLfHvjTSdf3vpa2bMiUQrg9i6276yn8666aA==}
    engines: {node: '>= 14'}

  pac-resolver@7.0.1:
    resolution: {integrity: sha512-5NPgf87AT2STgwa2ntRMr45jTKrYBGkVU36yT0ig/n/GMAa3oPqhZfIQ2kMEimReg0+t9kZViDVZ83qfVUlckg==}
    engines: {node: '>= 14'}

  pend@1.2.0:
    resolution: {integrity: sha512-F3asv42UuXchdzt+xXqfW1OGlVBe+mxa2mqI0pg5yAHZPvFmY3Y6drSf/GQ1A86WgWEN9Kzh/WrgKa6iGcHXLg==}

  progress@2.0.3:
    resolution: {integrity: sha512-7PiHtLll5LdnKIMw100I+8xJXR5gW2QwWYkT6iJva0bXitZKa/XMrSbdmg3r2Xnaidz9Qumd0VPaMrZlF9V9sA==}
    engines: {node: '>=0.4.0'}

  proper-lockfile@4.1.2:
    resolution: {integrity: sha512-TjNPblN4BwAWMXU8s9AEz4JmQxnD1NNL7bNOY/AKUzyamc379FWASUhc/K1pL2noVb+XmZKLL68cjzLsiOAMaA==}

  proxy-agent@6.5.0:
    resolution: {integrity: sha512-TmatMXdr2KlRiA2CyDu8GqR8EjahTG3aY3nXjdzFyoZbmB8hrBsTyMezhULIXKnC0jpfjlmiZ3+EaCzoInSu/A==}
    engines: {node: '>= 14'}

  proxy-from-env@1.1.0:
    resolution: {integrity: sha512-D+zkORCbA9f1tdWRK0RaCR3GPv50cMxcrz4X8k5LTSUD1Dkw47mKJEZQNunItRTkWwgtaUSo1RVFRIG9ZXiFYg==}

  proxy-from-env@2.1.0:
    resolution: {integrity: sha512-cJ+oHTW1VAEa8cJslgmUZrc+sjRKgAKl3Zyse6+PV38hZe/V6Z14TbCuXcan9F9ghlz4QrFr2c92TNF82UkYHA==}
    engines: {node: '>=10'}

  pump@3.0.4:
    resolution: {integrity: sha512-VS7sjc6KR7e1ukRFhQSY5LM2uBWAUPiOPa/A3mkKmiMwSmRFUITt0xuj+/lesgnCv+dPIEYlkzrcyXgquIHMcA==}

  puppeteer-core@24.42.0:
    resolution: {integrity: sha512-T4zXokk/izH01fYPhyyev1A4piWiOKrYq7CUFpdoYQxmOnXoV6YjUabmfIjCYkNspSoAXIxRid3Tw+Vg0fthYg==}
    engines: {node: '>=18'}

  require-directory@2.1.1:
    resolution: {integrity: sha512-fGxEI7+wsG9xrvdjsrlmL22OMTTiHRwAMroiEeMgq8gzoLC/PQr7RsRDSTLUg/bZAZtF+TVIkHc6/4RIKrui+Q==}
    engines: {node: '>=0.10.0'}

  retry@0.12.0:
    resolution: {integrity: sha512-9LkiTwjUh6rT555DtE9rTX+BKByPfrMzEAtnlEtdEwr3Nkffwiihqe2bWADg+OQRjt9gl6ICdmB/ZFDCGAtSow==}
    engines: {node: '>= 4'}

  semver@7.8.5:
    resolution: {integrity: sha512-Y7/KDsb8LjooZpwaqGyulO6DQlksgCncchHGk+sZIY4SBvUocMBEFH5Ur1fI4dV+Jvl0w6cjvucaIi40puRioA==}
    engines: {node: '>=10'}
    hasBin: true

  signal-exit@3.0.7:
    resolution: {integrity: sha512-wnD2ZE+l+SPC/uoS0vXeE9L1+0wuaMqKlfz9AMUo38JsyLSBWSFcHR1Rri62LZc12vLr1gb3jl7iwQhgwpAbGQ==}

  smart-buffer@4.2.0:
    resolution: {integrity: sha512-94hK0Hh8rPqQl2xXc3HsaBoOXKV20MToPkcXvwbISWLEs+64sBq5kFgn2kJDHb1Pry9yrP0dxrCI9RRci7RXKg==}
    engines: {node: '>= 6.0.0', npm: '>= 3.0.0'}

  socks-proxy-agent@8.0.5:
    resolution: {integrity: sha512-HehCEsotFqbPW9sJ8WVYB6UbmIMv7kUUORIF2Nncq4VQvBfNBLibW9YZR5dlYCSUhwcD628pRllm7n+E+YTzJw==}
    engines: {node: '>= 14'}

  socks@2.8.9:
    resolution: {integrity: sha512-LJhUYUvItdQ0LkJTmPeaEObWXAqFyfmP85x0tch/ez9cahmhlBBLbIqDFnvBnUJGagb0JbIQrkBs1wJ+yRYpEw==}
    engines: {node: '>= 10.0.0', npm: '>= 3.0.0'}

  source-map@0.6.1:
    resolution: {integrity: sha512-UjgapumWlbMhkBgzT7Ykc5YXUT46F0iKu8SGXq0bcwP5dz/h0Plj6enJqjz1Zbq2l5WaqYnrVbwWOWMyF3F47g==}
    engines: {node: '>=0.10.0'}

  streamx@2.28.0:
    resolution: {integrity: sha512-1Yowhzjf0ivGMrTIkY9hav5TxobO9qIVqUE41fiCGMGgc3CLlf4MY+9AHmZqBWgDTue0fY9zWjYFVyf6Diuobw==}

  string-width@4.2.3:
    resolution: {integrity: sha512-wKyQRQpjJ0sIp62ErSZdGsjMJWsap5oRNihHhu6G7JVO/9jIB6UyevL+tXuOqrng8j/cxKTWyWUwvSTriiZz/g==}
    engines: {node: '>=8'}

  strip-ansi@6.0.1:
    resolution: {integrity: sha512-Y38VPSHcqkFrCpFnQ9vuSXmquuv5oXOKpGeT6aGrr3o3Gc9AlVa6JBfUSOCnbxGGZF+/0ooI7KrPuUSztUdU5A==}
    engines: {node: '>=8'}

  supports-color@7.2.0:
    resolution: {integrity: sha512-qpCAvRl9stuOHveKsn7HncJRvv501qIacKzQlO/+Lwxc9+0q2wLyv4Dfvt80/DPn2pqOBsJdDiogXGR9+OvwRw==}
    engines: {node: '>=8'}

  tar-fs@3.1.2:
    resolution: {integrity: sha512-QGxxTxxyleAdyM3kpFs14ymbYmNFrfY+pHj7Z8FgtbZ7w2//VAgLMac7sT6nRpIHjppXO2AwwEOg0bPFVRcmXw==}

  tar-stream@3.2.0:
    resolution: {integrity: sha512-ojzvCvVaNp6aOTFmG7jaRD0meowIAuPc3cMMhSgKiVWws1GyHbGd/xvnyuRKcKlMpt3qvxx6r0hreCNITP9hIg==}

  tar@7.5.22:
    resolution: {integrity: sha512-MFO/QzvtAOmJbkhOaCTvbGcFN9L9b+JunIsDwaKljSOdcLMea3NJ1k9Usz/rjdfSXTq4dfzfeS7W4p4YOAAHeA==}
    engines: {node: '>=18'}

  teex@1.0.1:
    resolution: {integrity: sha512-eYE6iEI62Ni1H8oIa7KlDU6uQBtqr4Eajni3wX7rpfXD8ysFx8z0+dri+KWEPWpBsxXfxu58x/0jvTVT1ekOSg==}

  text-decoder@1.2.7:
    resolution: {integrity: sha512-vlLytXkeP4xvEq2otHeJfSQIRyWxo/oZGEbXrtEEF9Hnmrdly59sUbzZ/QgyWuLYHctCHxFF4tRQZNQ9k60ExQ==}

  ts-node@10.9.2:
    resolution: {integrity: sha512-f0FFpIdcHgn8zcPSbf1dRevwt047YMnaiJM3u2w2RewrB+fob/zePZcrOyQoLMMO7aBIddLcQIEK5dYjkLnGrQ==}
    hasBin: true
    peerDependencies:
      '@swc/core': '>=1.2.50'
      '@swc/wasm': '>=1.2.50'
      '@types/node': '*'
      typescript: '>=2.7'
    peerDependenciesMeta:
      '@swc/core':
        optional: true
      '@swc/wasm':
        optional: true

  tslib@2.8.1:
    resolution: {integrity: sha512-oJFu94HQb+KVduSUQL7wnpmqnfmLsOA/nAh6b6EH0wCEoK0/mPeXU6c3wKDV83MkOuHPRHtSXKKU99IBazS/2w==}

  typed-query-selector@2.12.2:
    resolution: {integrity: sha512-EOPFbyIub4ngnEdqi2yOcNeDLaX/0jcE1JoAXQDDMIthap7FoN795lc/SHfIq2d416VufXpM8z/lD+WRm2gfOQ==}

  typescript@5.9.3:
    resolution: {integrity: sha512-jl1vZzPDinLr9eUt3J/t7V6FgNEw9QjvBPdysz9KfQDD41fQrC2Y4vKQdiaUpFT4bXlb1RHhLpp8wtm6M5TgSw==}
    engines: {node: '>=14.17'}
    hasBin: true

  undici-types@8.3.0:
    resolution: {integrity: sha512-j375ScV60dom+YkPFIfTLcOiPxkN/buHz5GobjLhixFuANaNs3C9l4GmrWqejgXWJ7BbJcFYpTEUkS1Ge8bpZQ==}

  undici@6.29.0:
    resolution: {integrity: sha512-R+RODBqp6i2pPflGdq+xIOUkl+RNfGgHwoinecKu/JCuf2uO06cOKoDbI2P7Dn6KcswdKwrczbU6IYJ6K8X+wg==}
    engines: {node: '>=18.17'}

  v8-compile-cache-lib@3.0.1:
    resolution: {integrity: sha512-wa7YjyUGfNZngI/vtK0UHAN+lgDCxBPCylVXGp0zu59Fz5aiGtNXaq3DhIov063MorB+VfufLh3JlF2KdTK3xg==}

  webdriver-bidi-protocol@0.4.1:
    resolution: {integrity: sha512-ARrjNjtWRRs2w4Tk7nqrf2gBI0QXWuOmMCx2hU+1jUt6d00MjMxURrhxhGbrsoiZKJrhTSTzbIrc554iKI10qw==}

  wrap-ansi@7.0.0:
    resolution: {integrity: sha512-YVGIj2kamLSTxw6NsZjoBxfSwsn0ycdesmc4p+Q21c5zPuZ1pl+NfxVdxPtdHvmNVOQ6XSYG4AUtyt/Fi7D16Q==}
    engines: {node: '>=10'}

  wrappy@1.0.2:
    resolution: {integrity: sha512-l4Sp/DRseor9wL6EvV2+TuQn63dMkPjZ/sp9XkghTEbV9KlPS1xUsZ3u7/IQO4wxtcFB4bgpQPRcR3QCvezPcQ==}

  ws@8.21.0:
    resolution: {integrity: sha512-Vsp28b7DRcimFQvrqu2Wek3z1iYxDCWqHYB8Qsnk/S4RfaCQzPGPyBNuVjJV3cd6UiKtUtp6sNM77gWvzcCH+g==}
    engines: {node: '>=10.0.0'}
    peerDependencies:
      bufferutil: ^4.0.1
      utf-8-validate: '>=5.0.2'
    peerDependenciesMeta:
      bufferutil:
        optional: true
      utf-8-validate:
        optional: true

  y18n@5.0.8:
    resolution: {integrity: sha512-0pfFzegeDWJHJIAmTLRP2DwHjdF5s7jo9tuztdQxAhINCdvS+3nGINqPd00AphqJR/0LhANUS6/+7SCb98YOfA==}
    engines: {node: '>=10'}

  yallist@5.0.0:
    resolution: {integrity: sha512-YgvUTfwqyc7UXVMrB+SImsVYSmTS8X/tSrtdNZMImM+n7+QTriRXyXim0mBrTXNeqzVF0KWGgHPeiyViFFrNDw==}
    engines: {node: '>=18'}

  yargs-parser@21.1.1:
    resolution: {integrity: sha512-tVpsJW7DdjecAiFpbIB1e3qxIQsE6NoPc5/eTdrbbIC4h0LVsWhnoa3g+m2HclBIujHzsxZ4VJVA+GUuc2/LBw==}
    engines: {node: '>=12'}

  yargs@17.7.3:
    resolution: {integrity: sha512-GZtjxm/J/4TSxuL3FNYjCmLktBTnIw/rVmKSIyKeYAZpmJB2ig9VauCC5xsa82GNKVKDAqpOn3KVzNt0zmrU0g==}
    engines: {node: '>=12'}

  yauzl@2.10.0:
    resolution: {integrity: sha512-p4a9I6X6nu6IhoGmBqAcbJy1mlC4j27vEPZX9F4L4/vZT3Lyq1VkFHw/V/PUcB9Buo+DG3iHkT0x3Qya58zc3g==}

  yauzl@3.4.0:
    resolution: {integrity: sha512-jIH9yLR9wqr0wOS0TpBvo/g/2UgZH5qePVbjgRliiF0BYvOZyaBknKsF+x9Iht0O6sqgnB93rCICdOZFecJuDw==}
    engines: {node: '>=12'}

  yn@3.1.1:
    resolution: {integrity: sha512-Ux4ygGWsu2c7isFWe8Yu1YluJmqVhxqK2cLXNQA5AcC3QfbGNpM7fu0Y8b/z16pXLnFxZYvWhd3fhBY9DLmC6Q==}
    engines: {node: '>=6'}

  yocto-queue@0.1.0:
    resolution: {integrity: sha512-rVksvsnNCdJ/ohGc6xgPwyN8eheCxsiLM8mxuE/t/mOVqJewPuO1miLpTHQiRgTKCLexL4MeAFVagts7HmNZ2Q==}
    engines: {node: '>=10'}

  zod@3.25.76:
    resolution: {integrity: sha512-gzUt/qt81nXsFGKIFcC3YnfEAx5NkunCfnDlvuBSSFS02bcXu4Lmea0AFIUwbLWxWPx3d9p8S5QoaujKcNQxcQ==}

snapshots:

  '@alwaysmeticulous/api@2.341.0': {}

  '@alwaysmeticulous/client@2.342.0':
    dependencies:
      '@alwaysmeticulous/api': 2.341.0
      '@alwaysmeticulous/common': 2.341.0
      loglevel: 1.9.2
      proxy-agent: 6.5.0
      undici: 6.29.0
    transitivePeerDependencies:
      - bare-abort-controller
      - bare-buffer
      - bufferutil
      - react-native-b4a
      - supports-color
      - utf-8-validate

  '@alwaysmeticulous/common@2.341.0':
    dependencies:
      '@puppeteer/browsers': 2.10.6
      chalk: 4.1.2
      loglevel: 1.9.2
      luxon: 3.7.2
      puppeteer-core: 24.42.0
      undici: 6.29.0
    transitivePeerDependencies:
      - bare-abort-controller
      - bare-buffer
      - bufferutil
      - react-native-b4a
      - supports-color
      - utf-8-validate

  '@alwaysmeticulous/custom-checks@2.342.0':
    dependencies:
      '@alwaysmeticulous/api': 2.341.0
      '@alwaysmeticulous/client': 2.342.0
      '@alwaysmeticulous/common': 2.341.0
      '@alwaysmeticulous/downloading-helpers': 2.342.0
      p-limit: 3.1.0
    transitivePeerDependencies:
      - bare-abort-controller
      - bare-buffer
      - bufferutil
      - debug
      - react-native-b4a
      - supports-color
      - utf-8-validate

  '@alwaysmeticulous/downloading-helpers@2.342.0':
    dependencies:
      '@alwaysmeticulous/api': 2.341.0
      '@alwaysmeticulous/client': 2.342.0
      '@alwaysmeticulous/common': 2.341.0
      axios: 1.20.0
      axios-retry: 4.5.0(axios@1.20.0)
      cli-progress: 3.12.0
      fast-zlib: 2.0.1
      luxon: 3.7.2
      p-limit: 3.1.0
      proper-lockfile: 4.1.2
      tar: 7.5.22
      yauzl: 3.4.0
    transitivePeerDependencies:
      - bare-abort-controller
      - bare-buffer
      - bufferutil
      - debug
      - react-native-b4a
      - supports-color
      - utf-8-validate

  '@cspotcode/source-map-support@0.8.1':
    dependencies:
      '@jridgewell/trace-mapping': 0.3.9

  '@isaacs/fs-minipass@4.0.1':
    dependencies:
      minipass: 7.1.3

  '@jridgewell/resolve-uri@3.1.2': {}

  '@jridgewell/sourcemap-codec@1.5.5': {}

  '@jridgewell/trace-mapping@0.3.9':
    dependencies:
      '@jridgewell/resolve-uri': 3.1.2
      '@jridgewell/sourcemap-codec': 1.5.5

  '@puppeteer/browsers@2.10.6':
    dependencies:
      debug: 4.4.3
      extract-zip: 2.0.1
      progress: 2.0.3
      proxy-agent: 6.5.0
      semver: 7.8.5
      tar-fs: 3.1.2
      yargs: 17.7.3
    transitivePeerDependencies:
      - bare-abort-controller
      - bare-buffer
      - react-native-b4a
      - supports-color

  '@puppeteer/browsers@2.13.0':
    dependencies:
      debug: 4.4.3
      extract-zip: 2.0.1
      progress: 2.0.3
      proxy-agent: 6.5.0
      semver: 7.8.5
      tar-fs: 3.1.2
      yargs: 17.7.3
    transitivePeerDependencies:
      - bare-abort-controller
      - bare-buffer
      - react-native-b4a
      - supports-color

  '@tootallnate/quickjs-emscripten@0.23.0': {}

  '@tsconfig/node10@1.0.12': {}

  '@tsconfig/node12@1.0.11': {}

  '@tsconfig/node14@1.0.3': {}

  '@tsconfig/node16@1.0.4': {}

  '@types/node@26.0.1':
    dependencies:
      undici-types: 8.3.0

  '@types/yargs-parser@21.0.3': {}

  '@types/yargs@17.0.35':
    dependencies:
      '@types/yargs-parser': 21.0.3

  '@types/yauzl@2.10.3':
    dependencies:
      '@types/node': 26.0.1
    optional: true

  acorn-walk@8.3.5:
    dependencies:
      acorn: 8.17.0

  acorn@8.17.0: {}

  agent-base@6.0.2:
    dependencies:
      debug: 4.4.3
    transitivePeerDependencies:
      - supports-color

  agent-base@7.1.4: {}

  ansi-regex@5.0.1: {}

  ansi-styles@4.3.0:
    dependencies:
      color-convert: 2.0.1

  arg@4.1.3: {}

  ast-types@0.13.4:
    dependencies:
      tslib: 2.8.1

  asynckit@0.4.0: {}

  axios-retry@4.5.0(axios@1.20.0):
    dependencies:
      axios: 1.20.0
      is-retry-allowed: 2.2.0

  axios@1.20.0:
    dependencies:
      follow-redirects: 1.16.0
      form-data: 4.0.6
      https-proxy-agent: 5.0.1
      proxy-from-env: 2.1.0
    transitivePeerDependencies:
      - debug
      - supports-color

  b4a@1.8.1: {}

  bare-events@2.9.1: {}

  bare-fs@4.7.2:
    dependencies:
      bare-events: 2.9.1
      bare-path: 3.0.1
      bare-stream: 2.13.3(bare-events@2.9.1)
      bare-url: 2.4.5
      fast-fifo: 1.3.2
    transitivePeerDependencies:
      - bare-abort-controller
      - react-native-b4a

  bare-os@3.9.1: {}

  bare-path@3.0.1:
    dependencies:
      bare-os: 3.9.1

  bare-stream@2.13.3(bare-events@2.9.1):
    dependencies:
      b4a: 1.8.1
      streamx: 2.28.0
      teex: 1.0.1
    optionalDependencies:
      bare-events: 2.9.1
    transitivePeerDependencies:
      - react-native-b4a

  bare-url@2.4.5:
    dependencies:
      bare-path: 3.0.1

  basic-ftp@5.3.1: {}

  buffer-crc32@0.2.13: {}

  call-bind-apply-helpers@1.0.2:
    dependencies:
      es-errors: 1.3.0
      function-bind: 1.1.2

  chalk@4.1.2:
    dependencies:
      ansi-styles: 4.3.0
      supports-color: 7.2.0

  chownr@3.0.0: {}

  chromium-bidi@14.0.0(devtools-protocol@0.0.1595872):
    dependencies:
      devtools-protocol: 0.0.1595872
      mitt: 3.0.1
      zod: 3.25.76

  cli-progress@3.12.0:
    dependencies:
      string-width: 4.2.3

  cliui@8.0.1:
    dependencies:
      string-width: 4.2.3
      strip-ansi: 6.0.1
      wrap-ansi: 7.0.0

  color-convert@2.0.1:
    dependencies:
      color-name: 1.1.4

  color-name@1.1.4: {}

  combined-stream@1.0.8:
    dependencies:
      delayed-stream: 1.0.0

  create-require@1.1.1: {}

  data-uri-to-buffer@6.0.2: {}

  debug@4.4.3:
    dependencies:
      ms: 2.1.3

  degenerator@5.0.1:
    dependencies:
      ast-types: 0.13.4
      escodegen: 2.1.0
      esprima: 4.0.1

  delayed-stream@1.0.0: {}

  devtools-protocol@0.0.1595872: {}

  diff@4.0.4: {}

  dunder-proto@1.0.1:
    dependencies:
      call-bind-apply-helpers: 1.0.2
      es-errors: 1.3.0
      gopd: 1.2.0

  emoji-regex@8.0.0: {}

  end-of-stream@1.4.5:
    dependencies:
      once: 1.4.0

  es-define-property@1.0.1: {}

  es-errors@1.3.0: {}

  es-object-atoms@1.1.2:
    dependencies:
      es-errors: 1.3.0

  es-set-tostringtag@2.1.0:
    dependencies:
      es-errors: 1.3.0
      get-intrinsic: 1.3.0
      has-tostringtag: 1.0.2
      hasown: 2.0.4

  escalade@3.2.0: {}

  escodegen@2.1.0:
    dependencies:
      esprima: 4.0.1
      estraverse: 5.3.0
      esutils: 2.0.3
    optionalDependencies:
      source-map: 0.6.1

  esprima@4.0.1: {}

  estraverse@5.3.0: {}

  esutils@2.0.3: {}

  events-universal@1.0.1:
    dependencies:
      bare-events: 2.9.1
    transitivePeerDependencies:
      - bare-abort-controller

  extract-zip@2.0.1:
    dependencies:
      debug: 4.4.3
      get-stream: 5.2.0
      yauzl: 2.10.0
    optionalDependencies:
      '@types/yauzl': 2.10.3
    transitivePeerDependencies:
      - supports-color

  fast-fifo@1.3.2: {}

  fast-zlib@2.0.1: {}

  fd-slicer@1.1.0:
    dependencies:
      pend: 1.2.0

  follow-redirects@1.16.0: {}

  form-data@4.0.6:
    dependencies:
      asynckit: 0.4.0
      combined-stream: 1.0.8
      es-set-tostringtag: 2.1.0
      hasown: 2.0.4
      mime-types: 2.1.35

  function-bind@1.1.2: {}

  get-caller-file@2.0.5: {}

  get-intrinsic@1.3.0:
    dependencies:
      call-bind-apply-helpers: 1.0.2
      es-define-property: 1.0.1
      es-errors: 1.3.0
      es-object-atoms: 1.1.2
      function-bind: 1.1.2
      get-proto: 1.0.1
      gopd: 1.2.0
      has-symbols: 1.1.0
      hasown: 2.0.4
      math-intrinsics: 1.1.0

  get-proto@1.0.1:
    dependencies:
      dunder-proto: 1.0.1
      es-object-atoms: 1.1.2

  get-stream@5.2.0:
    dependencies:
      pump: 3.0.4

  get-uri@6.0.5:
    dependencies:
      basic-ftp: 5.3.1
      data-uri-to-buffer: 6.0.2
      debug: 4.4.3
    transitivePeerDependencies:
      - supports-color

  gopd@1.2.0: {}

  graceful-fs@4.2.11: {}

  has-flag@4.0.0: {}

  has-symbols@1.1.0: {}

  has-tostringtag@1.0.2:
    dependencies:
      has-symbols: 1.1.0

  hasown@2.0.4:
    dependencies:
      function-bind: 1.1.2

  http-proxy-agent@7.0.2:
    dependencies:
      agent-base: 7.1.4
      debug: 4.4.3
    transitivePeerDependencies:
      - supports-color

  https-proxy-agent@5.0.1:
    dependencies:
      agent-base: 6.0.2
      debug: 4.4.3
    transitivePeerDependencies:
      - supports-color

  https-proxy-agent@7.0.6:
    dependencies:
      agent-base: 7.1.4
      debug: 4.4.3
    transitivePeerDependencies:
      - supports-color

  ip-address@10.2.0: {}

  is-fullwidth-code-point@3.0.0: {}

  is-retry-allowed@2.2.0: {}

  loglevel@1.9.2: {}

  lru-cache@7.18.3: {}

  luxon@3.7.2: {}

  make-error@1.3.6: {}

  math-intrinsics@1.1.0: {}

  mime-db@1.52.0: {}

  mime-types@2.1.35:
    dependencies:
      mime-db: 1.52.0

  minipass@7.1.3: {}

  minizlib@3.1.0:
    dependencies:
      minipass: 7.1.3

  mitt@3.0.1: {}

  ms@2.1.3: {}

  netmask@2.1.1: {}

  once@1.4.0:
    dependencies:
      wrappy: 1.0.2

  p-limit@3.1.0:
    dependencies:
      yocto-queue: 0.1.0

  pac-proxy-agent@7.2.0:
    dependencies:
      '@tootallnate/quickjs-emscripten': 0.23.0
      agent-base: 7.1.4
      debug: 4.4.3
      get-uri: 6.0.5
      http-proxy-agent: 7.0.2
      https-proxy-agent: 7.0.6
      pac-resolver: 7.0.1
      socks-proxy-agent: 8.0.5
    transitivePeerDependencies:
      - supports-color

  pac-resolver@7.0.1:
    dependencies:
      degenerator: 5.0.1
      netmask: 2.1.1

  pend@1.2.0: {}

  progress@2.0.3: {}

  proper-lockfile@4.1.2:
    dependencies:
      graceful-fs: 4.2.11
      retry: 0.12.0
      signal-exit: 3.0.7

  proxy-agent@6.5.0:
    dependencies:
      agent-base: 7.1.4
      debug: 4.4.3
      http-proxy-agent: 7.0.2
      https-proxy-agent: 7.0.6
      lru-cache: 7.18.3
      pac-proxy-agent: 7.2.0
      proxy-from-env: 1.1.0
      socks-proxy-agent: 8.0.5
    transitivePeerDependencies:
      - supports-color

  proxy-from-env@1.1.0: {}

  proxy-from-env@2.1.0: {}

  pump@3.0.4:
    dependencies:
      end-of-stream: 1.4.5
      once: 1.4.0

  puppeteer-core@24.42.0:
    dependencies:
      '@puppeteer/browsers': 2.13.0
      chromium-bidi: 14.0.0(devtools-protocol@0.0.1595872)
      debug: 4.4.3
      devtools-protocol: 0.0.1595872
      typed-query-selector: 2.12.2
      webdriver-bidi-protocol: 0.4.1
      ws: 8.21.0
    transitivePeerDependencies:
      - bare-abort-controller
      - bare-buffer
      - bufferutil
      - react-native-b4a
      - supports-color
      - utf-8-validate

  require-directory@2.1.1: {}

  retry@0.12.0: {}

  semver@7.8.5: {}

  signal-exit@3.0.7: {}

  smart-buffer@4.2.0: {}

  socks-proxy-agent@8.0.5:
    dependencies:
      agent-base: 7.1.4
      debug: 4.4.3
      socks: 2.8.9
    transitivePeerDependencies:
      - supports-color

  socks@2.8.9:
    dependencies:
      ip-address: 10.2.0
      smart-buffer: 4.2.0

  source-map@0.6.1:
    optional: true

  streamx@2.28.0:
    dependencies:
      events-universal: 1.0.1
      fast-fifo: 1.3.2
      text-decoder: 1.2.7
    transitivePeerDependencies:
      - bare-abort-controller
      - react-native-b4a

  string-width@4.2.3:
    dependencies:
      emoji-regex: 8.0.0
      is-fullwidth-code-point: 3.0.0
      strip-ansi: 6.0.1

  strip-ansi@6.0.1:
    dependencies:
      ansi-regex: 5.0.1

  supports-color@7.2.0:
    dependencies:
      has-flag: 4.0.0

  tar-fs@3.1.2:
    dependencies:
      pump: 3.0.4
      tar-stream: 3.2.0
    optionalDependencies:
      bare-fs: 4.7.2
      bare-path: 3.0.1
    transitivePeerDependencies:
      - bare-abort-controller
      - bare-buffer
      - react-native-b4a

  tar-stream@3.2.0:
    dependencies:
      b4a: 1.8.1
      bare-fs: 4.7.2
      fast-fifo: 1.3.2
      streamx: 2.28.0
    transitivePeerDependencies:
      - bare-abort-controller
      - bare-buffer
      - react-native-b4a

  tar@7.5.22:
    dependencies:
      '@isaacs/fs-minipass': 4.0.1
      chownr: 3.0.0
      minipass: 7.1.3
      minizlib: 3.1.0
      yallist: 5.0.0

  teex@1.0.1:
    dependencies:
      streamx: 2.28.0
    transitivePeerDependencies:
      - bare-abort-controller
      - react-native-b4a

  text-decoder@1.2.7:
    dependencies:
      b4a: 1.8.1
    transitivePeerDependencies:
      - react-native-b4a

  ts-node@10.9.2(@types/node@26.0.1)(typescript@5.9.3):
    dependencies:
      '@cspotcode/source-map-support': 0.8.1
      '@tsconfig/node10': 1.0.12
      '@tsconfig/node12': 1.0.11
      '@tsconfig/node14': 1.0.3
      '@tsconfig/node16': 1.0.4
      '@types/node': 26.0.1
      acorn: 8.17.0
      acorn-walk: 8.3.5
      arg: 4.1.3
      create-require: 1.1.1
      diff: 4.0.4
      make-error: 1.3.6
      typescript: 5.9.3
      v8-compile-cache-lib: 3.0.1
      yn: 3.1.1

  tslib@2.8.1: {}

  typed-query-selector@2.12.2: {}

  typescript@5.9.3: {}

  undici-types@8.3.0: {}

  undici@6.29.0: {}

  v8-compile-cache-lib@3.0.1: {}

  webdriver-bidi-protocol@0.4.1: {}

  wrap-ansi@7.0.0:
    dependencies:
      ansi-styles: 4.3.0
      string-width: 4.2.3
      strip-ansi: 6.0.1

  wrappy@1.0.2: {}

  ws@8.21.0: {}

  y18n@5.0.8: {}

  yallist@5.0.0: {}

  yargs-parser@21.1.1: {}

  yargs@17.7.3:
    dependencies:
      cliui: 8.0.1
      escalade: 3.2.0
      get-caller-file: 2.0.5
      require-directory: 2.1.1
      string-width: 4.2.3
      y18n: 5.0.8
      yargs-parser: 21.1.1

  yauzl@2.10.0:
    dependencies:
      buffer-crc32: 0.2.13
      fd-slicer: 1.1.0

  yauzl@3.4.0:
    dependencies:
      pend: 1.2.0

  yn@3.1.1: {}

  yocto-queue@0.1.0: {}

  zod@3.25.76: {}
